{
  "name": "fix-my-mic",
  "version": "1.0.0",
  "lockfileVersion": 3,
  "requires": true,
  "packages": {
    "": {
      "name": "fix-my-mic",
      "version": "1.0.0",
      "license": "MIT",
      "os": [
        "darwin"
      ],
      "bin": {
        "fix-my-mic": "bin/fix-my-mic.js"
      }
    }
  }
}
